// !$*UTF8*$!
{
	archiveVersion = 1;
	classes = {
	};
	objectVersion = 46;
	objects = {

/* Begin PBXBuildFile section */
		63478AD81F41838600CF5AD4 /* main.m in Sources */ = {isa = PBXBuildFile; fileRef = 63478AD71F41838600CF5AD4 /* main.m */; };
		63478ADB1F41838600CF5AD4 /* AppDelegate.m in Sources */ = {isa = PBXBuildFile; fileRef = 63478ADA1F41838600CF5AD4 /* AppDelegate.m */; };
		63478ADE1F41838600CF5AD4 /* ViewController.m in Sources */ = {isa = PBXBuildFile; fileRef = 63478ADD1F41838600CF5AD4 /* ViewController.m */; };
		63478AE11F41838600CF5AD4 /* Main.storyboard in Resources */ = {isa = PBXBuildFile; fileRef = 63478ADF1F41838600CF5AD4 /* Main.storyboard */; };
		63478AE31F41838600CF5AD4 /* Assets.xcassets in Resources */ = {isa = PBXBuildFile; fileRef = 63478AE21F41838600CF5AD4 /* Assets.xcassets */; };
		63478AE61F41838600CF5AD4 /* LaunchScreen.storyboard in Resources */ = {isa = PBXBuildFile; fileRef = 63478AE41F41838600CF5AD4 /* LaunchScreen.storyboard */; };
		63478AF01F4183B900CF5AD4 /* GoodsListCell.m in Sources */ = {isa = PBXBuildFile; fileRef = 63478AEE1F4183B900CF5AD4 /* GoodsListCell.m */; };
		63478AF11F4183B900CF5AD4 /* GoodsListCell.xib in Resources */ = {isa = PBXBuildFile; fileRef = 63478AEF1F4183B900CF5AD4 /* GoodsListCell.xib */; };
		63ABC6F21F4E9EB90003A016 /* ImageCollectionViewCell.m in Sources */ = {isa = PBXBuildFile; fileRef = 63ABC6F01F4E9EB90003A016 /* ImageCollectionViewCell.m */; };
		63ABC6F31F4E9EB90003A016 /* ImageCollectionViewCell.xib in Resources */ = {isa = PBXBuildFile; fileRef = 63ABC6F11F4E9EB90003A016 /* ImageCollectionViewCell.xib */; };
		63ABC6FD1F4EA2300003A016 /* timg.jpeg in Resources */ = {isa = PBXBuildFile; fileRef = 63ABC6FA1F4EA2300003A016 /* timg.jpeg */; };
		63ABC6FE1F4EA2300003A016 /* timg-2.jpeg in Resources */ = {isa = PBXBuildFile; fileRef = 63ABC6FB1F4EA2300003A016 /* timg-2.jpeg */; };
		63ABC6FF1F4EA2300003A016 /* timg-3.jpeg in Resources */ = {isa = PBXBuildFile; fileRef = 63ABC6FC1F4EA2300003A016 /* timg-3.jpeg */; };
/* End PBXBuildFile section */

/* Begin PBXFileReference section */
		63478AD31F41838600CF5AD4 /* CollectionViewDemo.app */ = {isa = PBXFileReference; explicitFileType = wrapper.application; includeInIndex = 0; path = CollectionViewDemo.app; sourceTree = BUILT_PRODUCTS_DIR; };
		63478AD71F41838600CF5AD4 /* main.m */ = {isa = PBXFileReference; lastKnownFileType = sourcecode.c.objc; path = main.m; sourceTree = "<group>"; };
		63478AD91F41838600CF5AD4 /* AppDelegate.h */ = {isa = PBXFileReference; lastKnownFileType = sourcecode.c.h; path = AppDelegate.h; sourceTree = "<group>"; };
		63478ADA1F41838600CF5AD4 /* AppDelegate.m */ = {isa = PBXFileReference; lastKnownFileType = sourcecode.c.objc; path = AppDelegate.m; sourceTree = "<group>"; };
		63478ADC1F41838600CF5AD4 /* ViewController.h */ = {isa = PBXFileReference; lastKnownFileType = sourcecode.c.h; path = ViewController.h; sourceTree = "<group>"; };
		63478ADD1F41838600CF5AD4 /* ViewController.m */ = {isa = PBXFileReference; lastKnownFileType = sourcecode.c.objc; path = ViewController.m; sourceTree = "<group>"; };
		63478AE01F41838600CF5AD4 /* Base */ = {isa = PBXFileReference; lastKnownFileType = file.storyboard; name = Base; path = Base.lproj/Main.storyboard; sourceTree = "<group>"; };
		63478AE21F41838600CF5AD4 /* Assets.xcassets */ = {isa = PBXFileReference; lastKnownFileType = folder.assetcatalog; path = Assets.xcassets; sourceTree = "<group>"; };
		63478AE51F41838600CF5AD4 /* Base */ = {isa = PBXFileReference; lastKnownFileType = file.storyboard; name = Base; path = Base.lproj/LaunchScreen.storyboard; sourceTree = "<group>"; };
		63478AE71F41838600CF5AD4 /* Info.plist */ = {isa = PBXFileReference; lastKnownFileType = text.plist.xml; path = Info.plist; sourceTree = "<group>"; };
		63478AED1F4183B900CF5AD4 /* GoodsListCell.h */ = {isa = PBXFileReference; fileEncoding = 4; lastKnownFileType = sourcecode.c.h; path = GoodsListCell.h; sourceTree = "<group>"; };
		63478AEE1F4183B900CF5AD4 /* GoodsListCell.m */ = {isa = PBXFileReference; fileEncoding = 4; lastKnownFileType = sourcecode.c.objc; path = GoodsListCell.m; sourceTree = "<group>"; };
		63478AEF1F4183B900CF5AD4 /* GoodsListCell.xib */ = {isa = PBXFileReference; fileEncoding = 4; lastKnownFileType = file.xib; path = GoodsListCell.xib; sourceTree = "<group>"; };
		63ABC6EF1F4E9EB90003A016 /* ImageCollectionViewCell.h */ = {isa = PBXFileReference; fileEncoding = 4; lastKnownFileType = sourcecode.c.h; path = ImageCollectionViewCell.h; sourceTree = "<group>"; };
		63ABC6F01F4E9EB90003A016 /* ImageCollectionViewCell.m */ = {isa = PBXFileReference; fileEncoding = 4; lastKnownFileType = sourcecode.c.objc; path = ImageCollectionViewCell.m; sourceTree = "<group>"; };
		63ABC6F11F4E9EB90003A016 /* ImageCollectionViewCell.xib */ = {isa = PBXFileReference; fileEncoding = 4; lastKnownFileType = file.xib; path = ImageCollectionViewCell.xib; sourceTree = "<group>"; };
		63ABC6FA1F4EA2300003A016 /* timg.jpeg */ = {isa = PBXFileReference; lastKnownFileType = image.jpeg; path = timg.jpeg; sourceTree = "<group>"; };
		63ABC6FB1F4EA2300003A016 /* timg-2.jpeg */ = {isa = PBXFileReference; lastKnownFileType = image.jpeg; path = "timg-2.jpeg"; sourceTree = "<group>"; };
		63ABC6FC1F4EA2300003A016 /* timg-3.jpeg */ = {isa = PBXFileReference; lastKnownFileType = image.jpeg; path = "timg-3.jpeg"; sourceTree = "<group>"; };
/* End PBXFileReference section */

/* Begin PBXFrameworksBuildPhase section */
		63478AD01F41838600CF5AD4 /* Frameworks */ = {
			isa = PBXFrameworksBuildPhase;
			buildActionMask = 2147483647;
			files = (
			);
			runOnlyForDeploymentPostprocessing = 0;
		};
/* End PBXFrameworksBuildPhase section */

/* Begin PBXGroup section */
		63478ACA1F41838600CF5AD4 = {
			isa = PBXGroup;
			children = (
				63478AD51F41838600CF5AD4 /* CollectionViewDemo */,
				63478AD41F41838600CF5AD4 /* Products */,
			);
			sourceTree = "<group>";
		};
		63478AD41F41838600CF5AD4 /* Products */ = {
			isa = PBXGroup;
			children = (
				63478AD31F41838600CF5AD4 /* CollectionViewDemo.app */,
			);
			name = Products;
			sourceTree = "<group>";
		};
		63478AD51F41838600CF5AD4 /* CollectionViewDemo */ = {
			isa = PBXGroup;
			children = (
				63ABC6FA1F4EA2300003A016 /* timg.jpeg */,
				63ABC6FB1F4EA2300003A016 /* timg-2.jpeg */,
				63ABC6FC1F4EA2300003A016 /* timg-3.jpeg */,
				63478AD91F41838600CF5AD4 /* AppDelegate.h */,
				63478ADA1F41838600CF5AD4 /* AppDelegate.m */,
				63478ADC1F41838600CF5AD4 /* ViewController.h */,
				63478ADD1F41838600CF5AD4 /* ViewController.m */,
				63478AED1F4183B900CF5AD4 /* GoodsListCell.h */,
				63478AEE1F4183B900CF5AD4 /* GoodsListCell.m */,
				63478AEF1F4183B900CF5AD4 /* GoodsListCell.xib */,
				63ABC6EF1F4E9EB90003A016 /* ImageCollectionViewCell.h */,
				63ABC6F01F4E9EB90003A016 /* ImageCollectionViewCell.m */,
				63ABC6F11F4E9EB90003A016 /* ImageCollectionViewCell.xib */,
				63478ADF1F41838600CF5AD4 /* Main.storyboard */,
				63478AE21F41838600CF5AD4 /* Assets.xcassets */,
				63478AE41F41838600CF5AD4 /* LaunchScreen.storyboard */,
				63478AE71F41838600CF5AD4 /* Info.plist */,
				63478AD61F41838600CF5AD4 /* Supporting Files */,
			);
			path = CollectionViewDemo;
			sourceTree = "<group>";
		};
		63478AD61F41838600CF5AD4 /* Supporting Files */ = {
			isa = PBXGroup;
			children = (
				63478AD71F41838600CF5AD4 /* main.m */,
			);
			name = "Supporting Files";
			sourceTree = "<group>";
		};
/* End PBXGroup section */

/* Begin PBXNativeTarget section */
		63478AD21F41838600CF5AD4 /* CollectionViewDemo */ = {
			isa = PBXNativeTarget;
			buildConfigurationList = 63478AEA1F41838600CF5AD4 /* Build configuration list for PBXNativeTarget "CollectionViewDemo" */;
			buildPhases = (
				63478ACF1F41838600CF5AD4 /* Sources */,
				63478AD01F41838600CF5AD4 /* Frameworks */,
				63478AD11F41838600CF5AD4 /* Resources */,
			);
			buildRules = (
			);
			dependencies = (
			);
			name = CollectionViewDemo;
			productName = CollectionViewDemo;
			productReference = 63478AD31F41838600CF5AD4 /* CollectionViewDemo.app */;
			productType = "com.apple.product-type.application";
		};
/* End PBXNativeTarget section */

/* Begin PBXProject section */
		63478ACB1F41838600CF5AD4 /* Project object */ = {
			isa = PBXProject;
			attributes = {
				LastUpgradeCheck = 0830;
				ORGANIZATIONNAME = haoshiqi;
				TargetAttributes = {
					63478AD21F41838600CF5AD4 = {
						CreatedOnToolsVersion = 8.3.3;
						DevelopmentTeam = YM2MZ34492;
						ProvisioningStyle = Automatic;
					};
				};
			};
			buildConfigurationList = 63478ACE1F41838600CF5AD4 /* Build configuration list for PBXProject "CollectionViewDemo" */;
			compatibilityVersion = "Xcode 3.2";
			developmentRegion = English;
			hasScannedForEncodings = 0;
			knownRegions = (
				en,
				Base,
			);
			mainGroup = 63478ACA1F41838600CF5AD4;
			productRefGroup = 63478AD41F41838600CF5AD4 /* Products */;
			projectDirPath = "";
			projectRoot = "";
			targets = (
				63478AD21F41838600CF5AD4 /* CollectionViewDemo */,
			);
		};
/* End PBXProject section */

/* Begin PBXResourcesBuildPhase section */
		63478AD11F41838600CF5AD4 /* Resources */ = {
			isa = PBXResourcesBuildPhase;
			buildActionMask = 2147483647;
			files = (
				63ABC6FF1F4EA2300003A016 /* timg-3.jpeg in Resources */,
				63478AE61F41838600CF5AD4 /* LaunchScreen.storyboard in Resources */,
				63478AE31F41838600CF5AD4 /* Assets.xcassets in Resources */,
				63ABC6FE1F4EA2300003A016 /* timg-2.jpeg in Resources */,
				63ABC6FD1F4EA2300003A016 /* timg.jpeg in Resources */,
				63478AF11F4183B900CF5AD4 /* GoodsListCell.xib in Resources */,
				63478AE11F41838600CF5AD4 /* Main.storyboard in Resources */,
				63ABC6F31F4E9EB90003A016 /* ImageCollectionViewCell.xib in Resources */,
			);
			runOnlyForDeploymentPostprocessing = 0;
		};
/* End PBXResourcesBuildPhase section */

/* Begin PBXSourcesBuildPhase section */
		63478ACF1F41838600CF5AD4 /* Sources */ = {
			isa = PBXSourcesBuildPhase;
			buildActionMask = 2147483647;
			files = (
				63478ADE1F41838600CF5AD4 /* ViewController.m in Sources */,
				63478ADB1F41838600CF5AD4 /* AppDelegate.m in Sources */,
				63ABC6F21F4E9EB90003A016 /* ImageCollectionViewCell.m in Sources */,
				63478AF01F4183B900CF5AD4 /* GoodsListCell.m in Sources */,
				63478AD81F41838600CF5AD4 /* main.m in Sources */,
			);
			runOnlyForDeploymentPostprocessing = 0;
		};
/* End PBXSourcesBuildPhase section */

/* Begin PBXVariantGroup section */
		63478ADF1F41838600CF5AD4 /* Main.storyboard */ = {
			isa = PBXVariantGroup;
			children = (
				63478AE01F41838600CF5AD4 /* Base */,
			);
			name = Main.storyboard;
			sourceTree = "<group>";
		};
		63478AE41F41838600CF5AD4 /* LaunchScreen.storyboard */ = {
			isa = PBXVariantGroup;
			children = (
				63478AE51F41838600CF5AD4 /* Base */,
			);
			name = LaunchScreen.storyboard;
			sourceTree = "<group>";
		};
/* End PBXVariantGroup section */

/* Begin XCBuildConfiguration section */
		63478AE81F41838600CF5AD4 /* Debug */ = {
			isa = XCBuildConfiguration;
			buildSettings = {
				ALWAYS_SEARCH_USER_PATHS = NO;
				CLANG_ANALYZER_NONNULL = YES;
				CLANG_ANALYZER_NUMBER_OBJECT_CONVERSION = YES_AGGRESSIVE;
				CLANG_CXX_LANGUAGE_STANDARD = "gnu++0x";
				CLANG_CXX_LIBRARY = "libc++";
				CLANG_ENABLE_MODULES = YES;
				CLANG_ENABLE_OBJC_ARC = YES;
				CLANG_WARN_BOOL_CONVERSION = YES;
				CLANG_WARN_CONSTANT_CONVERSION = YES;
				CLANG_WARN_DIRECT_OBJC_ISA_USAGE = YES_ERROR;
				CLANG_WARN_DOCUMENTATION_COMMENTS = YES;
				CLANG_WARN_EMPTY_BODY = YES;
				CLANG_WARN_ENUM_CONVERSION = YES;
				CLANG_WARN_INFINITE_RECURSION = YES;
				CLANG_WARN_INT_CONVERSION = YES;
				CLANG_WARN_OBJC_ROOT_CLASS = YES_ERROR;
				CLANG_WARN_SUSPICIOUS_MOVE = YES;
				CLANG_WARN_UNREACHABLE_CODE = YES;
				CLANG_WARN__DUPLICATE_METHOD_MATCH = YES;
				"CODE_SIGN_IDENTITY[sdk=iphoneos*]" = "iPhone Developer";
				COPY_PHASE_STRIP = NO;
				DEBUG_INFORMATION_FORMAT = dwarf;
				ENABLE_STRICT_OBJC_MSGSEND = YES;
				ENABLE_TESTABILITY = YES;
				GCC_C_LANGUAGE_STANDARD = gnu99;
				GCC_DYNAMIC_NO_PIC = NO;
				GCC_NO_COMMON_BLOCKS = YES;
				GCC_OPTIMIZATION_LEVEL = 0;
				GCC_PREPROCESSOR_DEFINITIONS = (
					"DEBUG=1",
					"$(inherited)",
				);
				GCC_WARN_64_TO_32_BIT_CONVERSION = YES;
				GCC_WARN_ABOUT_RETURN_TYPE = YES_ERROR;
				GCC_WARN_UNDECLARED_SELECTOR = YES;
				GCC_WARN_UNINITIALIZED_AUTOS = YES_AGGRESSIVE;
				GCC_WARN_UNUSED_FUNCTION = YES;
				GCC_WARN_UNUSED_VARIABLE = YES;
				IPHONEOS_DEPLOYMENT_TARGET = 10.3;
				MTL_ENABLE_DEBUG_INFO = YES;
				ONLY_ACTIVE_ARCH = YES;
				SDKROOT = iphoneos;
			};
			name = Debug;
		};
		63478AE91F41838600CF5AD4 /* Release */ = {
			isa = XCBuildConfiguration;
			buildSettings = {
				ALWAYS_SEARCH_USER_PATHS = NO;
				CLANG_ANALYZER_NONNULL = YES;
				CLANG_ANALYZER_NUMBER_OBJECT_CONVERSION = YES_AGGRESSIVE;
				CLANG_CXX_LANGUAGE_STANDARD = "gnu++0x";
				CLANG_CXX_LIBRARY = "libc++";
				CLANG_ENABLE_MODULES = YES;
				CLANG_ENABLE_OBJC_ARC = YES;
				CLANG_WARN_BOOL_CONVERSION = YES;
				CLANG_WARN_CONSTANT_CONVERSION = YES;
				CLANG_WARN_DIRECT_OBJC_ISA_USAGE = YES_ERROR;
				CLANG_WARN_DOCUMENTATION_COMMENTS = YES;
				CLANG_WARN_EMPTY_BODY = YES;
				CLANG_WARN_ENUM_CONVERSION = YES;
				CLANG_WARN_INFINITE_RECURSION = YES;
				CLANG_WARN_INT_CONVERSION = YES;
				CLANG_WARN_OBJC_ROOT_CLASS = YES_ERROR;
				CLANG_WARN_SUSPICIOUS_MOVE = YES;
				CLANG_WARN_UNREACHABLE_CODE = YES;
				CLANG_WARN__DUPLICATE_METHOD_MATCH = YES;
				"CODE_SIGN_IDENTITY[sdk=iphoneos*]" = "iPhone Developer";
				COPY_PHASE_STRIP = NO;
				DEBUG_INFORMATION_FORMAT = "dwarf-with-dsym";
				ENABLE_NS_ASSERTIONS = NO;
				ENABLE_STRICT_OBJC_MSGSEND = YES;
				GCC_C_LANGUAGE_STANDARD = gnu99;
				GCC_NO_COMMON_BLOCKS = YES;
				GCC_WARN_64_TO_32_BIT_CONVERSION = YES;
				GCC_WARN_ABOUT_RETURN_TYPE = YES_ERROR;
				GCC_WARN_UNDECLARED_SELECTOR = YES;
				GCC_WARN_UNINITIALIZED_AUTOS = YES_AGGRESSIVE;
				GCC_WARN_UNUSED_FUNCTION = YES;
				GCC_WARN_UNUSED_VARIABLE = YES;
				IPHONEOS_DEPLOYMENT_TARGET = 10.3;
				MTL_ENABLE_DEBUG_INFO = NO;
				SDKROOT = iphoneos;
				VALIDATE_PRODUCT = YES;
			};
			name = Release;
		};
		63478AEB1F41838600CF5AD4 /* Debug */ = {
			isa = XCBuildConfiguration;
			buildSettings = {
				ASSETCATALOG_COMPILER_APPICON_NAME = AppIcon;
				DEVELOPMENT_TEAM = YM2MZ34492;
				INFOPLIST_FILE = CollectionViewDemo/Info.plist;
				LD_RUNPATH_SEARCH_PATHS = "$(inherited) @executable_path/Frameworks";
				PRODUCT_BUNDLE_IDENTIFIER = duoweidu.CollectionViewDemo;
				PRODUCT_NAME = "$(TARGET_NAME)";
			};
			name = Debug;
		};
		63478AEC1F41838600CF5AD4 /* Release */ = {
			isa = XCBuildConfiguration;
			buildSettings = {
				ASSETCATALOG_COMPILER_APPICON_NAME = AppIcon;
				DEVELOPMENT_TEAM = YM2MZ34492;
				INFOPLIST_FILE = CollectionViewDemo/Info.plist;
				LD_RUNPATH_SEARCH_PATHS = "$(inherited) @executable_path/Frameworks";
				PRODUCT_BUNDLE_IDENTIFIER = duoweidu.CollectionViewDemo;
				PRODUCT_NAME = "$(TARGET_NAME)";
			};
			name = Release;
		};
/* End XCBuildConfiguration section */

/* Begin XCConfigurationList section */
		63478ACE1F41838600CF5AD4 /* Build configuration list for PBXProject "CollectionViewDemo" */ = {
			isa = XCConfigurationList;
			buildConfigurations = (
				63478AE81F41838600CF5AD4 /* Debug */,
				63478AE91F41838600CF5AD4 /* Release */,
			);
			defaultConfigurationIsVisible = 0;
			defaultConfigurationName = Release;
		};
		63478AEA1F41838600CF5AD4 /* Build configuration list for PBXNativeTarget "CollectionViewDemo" */ = {
			isa = XCConfigurationList;
			buildConfigurations = (
				63478AEB1F41838600CF5AD4 /* Debug */,
				63478AEC1F41838600CF5AD4 /* Release */,
			);
			defaultConfigurationIsVisible = 0;
			defaultConfigurationName = Release;
		};
/* End XCConfigurationList section */
	};
	rootObject = 63478ACB1F41838600CF5AD4 /* Project object */;
}
